
Microsoft Visual Studio Solution File, Format Version 12.00
# Visual Studio Version 17
VisualStudioVersion = 17.13.35931.197 d17.13
MinimumVisualStudioVersion = 10.0.40219.1
Project("{FAE04EC0-301F-11D3-BF4B-00C04F79EFBC}") = "CsharpBasics", "CsharpBasics\CsharpBasics.csproj", "{FE52E650-F3A4-4C4D-B2C4-21EF6F61FFE3}"
EndProject
Global
	GlobalSection(SolutionConfigurationPlatforms) = preSolution
		Debug|Any CPU = Debug|Any CPU
		Release|Any CPU = Release|Any CPU
	EndGlobalSection
	GlobalSection(ProjectConfigurationPlatforms) = postSolution
		{FE52E650-F3A4-4C4D-B2C4-21EF6F61FFE3}.Debug|Any CPU.ActiveCfg = Debug|Any CPU
		{FE52E650-F3A4-4C4D-B2C4-21EF6F61FFE3}.Debug|Any CPU.Build.0 = Debug|Any CPU
		{FE52E650-F3A4-4C4D-B2C4-21EF6F61FFE3}.Release|Any CPU.ActiveCfg = Release|Any CPU
		{FE52E650-F3A4-4C4D-B2C4-21EF6F61FFE3}.Release|Any CPU.Build.0 = Release|Any CPU
	EndGlobalSection
	GlobalSection(SolutionProperties) = preSolution
		HideSolutionNode = FALSE
	EndGlobalSection
	GlobalSection(ExtensibilityGlobals) = postSolution
		SolutionGuid = {E5150BC3-9B42-48E5-8A47-023E97AC7001}
	EndGlobalSection
EndGlobal
